
Microsoft Visual Studio Solution File, Format Version 12.00
# Visual Studio Version 17
VisualStudioVersion = 17.14.37314.3
MinimumVisualStudioVersion = 10.0.40219.1
Project("{2150E333-8FDC-42A3-9474-1A3956D46DE8}") = "ApiGateway", "ApiGateway", "{02EA681E-C7D8-13C7-8484-4AC65E1B71E8}"
EndProject
Project("{2150E333-8FDC-42A3-9474-1A3956D46DE8}") = "ApiAutenticacion", "ApiAutenticacion", "{D4FE1034-40A6-4FAB-8F48-1CA987B707E9}"
EndProject
Project("{2150E333-8FDC-42A3-9474-1A3956D46DE8}") = "ApiControl", "ApiControl", "{924DD6A5-93C2-4CCD-91F4-FD9110D5DCDE}"
EndProject
Project("{2150E333-8FDC-42A3-9474-1A3956D46DE8}") = "ApiLoadProcess", "ApiLoadProcess", "{385BAF81-0147-4D1A-9FD0-E04F73A99530}"
EndProject
Project("{2150E333-8FDC-42A3-9474-1A3956D46DE8}") = "ApiNotifications", "ApiNotifications", "{4889E27E-1648-4261-9D48-C9B9A1D5DF1B}"
EndProject
Project("{2150E333-8FDC-42A3-9474-1A3956D46DE8}") = "Recursos", "Recursos", "{BF21863E-EBBD-41C7-8925-2A9337D0438B}"
EndProject
Project("{2150E333-8FDC-42A3-9474-1A3956D46DE8}") = "1. Framework", "1. Framework", "{165D7898-1AD7-405B-9478-AF5C34517835}"
EndProject
Project("{2150E333-8FDC-42A3-9474-1A3956D46DE8}") = "2. Infraestructura", "2. Infraestructura", "{91BA487D-7D78-4978-9F40-11234139F41B}"
EndProject
Project("{2150E333-8FDC-42A3-9474-1A3956D46DE8}") = "3. Aplicacion", "3. Aplicacion", "{03D901BC-6AAC-4DFB-ABE2-708D1654098E}"
EndProject
Project("{2150E333-8FDC-42A3-9474-1A3956D46DE8}") = "4. Dominio", "4. Dominio", "{0AB02158-C90D-4014-BA83-EEEBD9CF947B}"
EndProject
Project("{2150E333-8FDC-42A3-9474-1A3956D46DE8}") = "Transversal", "Transversal", "{4B86A253-6D72-4455-B855-94D01A4A07C1}"
EndProject
Project("{2150E333-8FDC-42A3-9474-1A3956D46DE8}") = "ApiRestFul", "ApiRestFul", "{D62D8FA0-92E1-448F-B5EB-40A362409A15}"
EndProject
Project("{2150E333-8FDC-42A3-9474-1A3956D46DE8}") = "Presentador", "Presentador", "{6DC0D529-31D8-4835-85B3-2EC2376EACD9}"
EndProject
Project("{FAE04EC0-301F-11D3-BF4B-00C04F79EFBC}") = "SCM.ApiAutenticacion.Dominio", "SCM.ApiAuthentication.Dominio\SCM.ApiAutenticacion.Dominio.csproj", "{F9F45403-2DD6-4564-9999-7A7BC4F5DEDF}"
EndProject
Project("{FAE04EC0-301F-11D3-BF4B-00C04F79EFBC}") = "SCM.ApiAutenticacion.Aplicacion.DTO", "SCM.ApiAutenticacion.Aplicacion.DTO\SCM.ApiAutenticacion.Aplicacion.DTO.csproj", "{5428393A-41DB-42BB-8BC3-34B023D03472}"
EndProject
Project("{FAE04EC0-301F-11D3-BF4B-00C04F79EFBC}") = "SCM.ApiAutenticacion.Aplicacion.UseCase", "SCM.ApiAutenticacion.Aplicacion.UseCase\SCM.ApiAutenticacion.Aplicacion.UseCase.csproj", "{FE35576F-CDA7-471F-8837-A5F4E30A237F}"
EndProject
Project("{FAE04EC0-301F-11D3-BF4B-00C04F79EFBC}") = "SCM.ApiAutenticacion.Infraestructura.Repositorio", "SCM.ApiAutenticacion.Infraestructura.Repositorio\SCM.ApiAutenticacion.Infraestructura.Repositorio.csproj", "{3AF2DFE4-D7C5-431A-AF32-DDD157A53A96}"
EndProject
Project("{FAE04EC0-301F-11D3-BF4B-00C04F79EFBC}") = "SCM.ApiAutenticacion.Transversal", "SCM.ApiAutenticacion.Transversal\SCM.ApiAutenticacion.Transversal.csproj", "{CFB87E48-FB3D-4573-8BB3-550B3F6A2142}"
EndProject
Project("{FAE04EC0-301F-11D3-BF4B-00C04F79EFBC}") = "SCM.ApiAutenticacion.Aplicacion.UseCasePorts", "SCM.ApiAutenticacion.Aplicacion.UseCasePorts\SCM.ApiAutenticacion.Aplicacion.UseCasePorts.csproj", "{A545A7FC-9B6C-48F4-B55F-934664C5C109}"
EndProject
Project("{FAE04EC0-301F-11D3-BF4B-00C04F79EFBC}") = "SCM.ApiAutentication.Framework.Presentador", "SCM.ApiAutentication.Framework.Presentador\SCM.ApiAutentication.Framework.Presentador.csproj", "{6B7F7661-A78C-4B9C-8D46-0205F6B4D770}"
EndProject
Project("{FAE04EC0-301F-11D3-BF4B-00C04F79EFBC}") = "SCM.ApiAutenticacion", "SCM.ApiAutenticacion\SCM.ApiAutenticacion.csproj", "{FBB36048-B0DC-422D-A896-D0F16688DB83}"
EndProject
Project("{2150E333-8FDC-42A3-9474-1A3956D46DE8}") = "Transversal", "Transversal", "{1EBC3292-0FB7-4AF8-8A5A-7EB8EBEAFCF8}"
EndProject
Project("{2150E333-8FDC-42A3-9474-1A3956D46DE8}") = "1. Framework", "1. Framework", "{8A8BF395-91EF-4C53-9BFD-5F405840C324}"
EndProject
Project("{2150E333-8FDC-42A3-9474-1A3956D46DE8}") = "2. Infraestructura", "2. Infraestructura", "{DD75B98F-3B39-487C-9FDB-B95019D1F273}"
EndProject
Project("{2150E333-8FDC-42A3-9474-1A3956D46DE8}") = "3. Aplicacion", "3. Aplicacion", "{DD4FBD3B-5102-447A-ACAD-09A0E6253951}"
EndProject
Project("{2150E333-8FDC-42A3-9474-1A3956D46DE8}") = "4. Dominio", "4. Dominio", "{60375DE2-AF2F-4AFE-9F5F-2EF3EC4BC0DB}"
EndProject
Project("{FAE04EC0-301F-11D3-BF4B-00C04F79EFBC}") = "SCM.ApiGateway.Aplicacion.DTO", "SCM.ApiGateway.Aplicacion.DTO\SCM.ApiGateway.Aplicacion.DTO.csproj", "{E397A30F-5B93-4580-BF59-EC46C1666C10}"
EndProject
Project("{FAE04EC0-301F-11D3-BF4B-00C04F79EFBC}") = "SCM.ApiGateway.Aplicacion.UseCase", "SCM.ApiGateway.Aplicacion.UseCase\SCM.ApiGateway.Aplicacion.UseCase.csproj", "{0983E7EB-E9A2-4269-B482-8A21CE773A53}"
EndProject
Project("{FAE04EC0-301F-11D3-BF4B-00C04F79EFBC}") = "SCM.ApiGateway.Aplicacion.UseCasePorts", "SCM.ApiGateway.Aplicacion.UseCasePorts\SCM.ApiGateway.Aplicacion.UseCasePorts.csproj", "{ACC28C9B-25EA-4E35-BD09-E162CD274A9F}"
EndProject
Project("{FAE04EC0-301F-11D3-BF4B-00C04F79EFBC}") = "SCM.ApiGateway.Infraestructura.WebServices", "SCM.ApiGateway.Infraestructura.WebServices\SCM.ApiGateway.Infraestructura.WebServices.csproj", "{26689787-CE28-487F-BD1A-CD4E8E213BB6}"
EndProject
Project("{2150E333-8FDC-42A3-9474-1A3956D46DE8}") = "Presentador", "Presentador", "{9A55FD91-2A4F-422D-B780-C3B528B06054}"
EndProject
Project("{2150E333-8FDC-42A3-9474-1A3956D46DE8}") = "ApiGateway", "ApiGateway", "{0C4EC042-3B68-4A8D-9B5B-9E27215E33DB}"
EndProject
Project("{FAE04EC0-301F-11D3-BF4B-00C04F79EFBC}") = "SCM.ApiGateway.Framework.Presentador", "SCM.ApiGateway.Framework.Presentador\SCM.ApiGateway.Framework.Presentador.csproj", "{1213FFAA-4BEA-40DE-ABCD-33AD410CB8F0}"
EndProject
Project("{FAE04EC0-301F-11D3-BF4B-00C04F79EFBC}") = "SCM.ApiGateway", "SCM.ApiGateway\SCM.ApiGateway.csproj", "{8457DE42-488E-4F44-B220-5A82F708A283}"
EndProject
Project("{FAE04EC0-301F-11D3-BF4B-00C04F79EFBC}") = "SCM.ApiGateway.Transversal", "SCM.ApiGateway.Transversal\SCM.ApiGateway.Transversal.csproj", "{26453735-9DB0-4D82-8BF0-15AE6BC91E9E}"
EndProject
Project("{2150E333-8FDC-42A3-9474-1A3956D46DE8}") = "1. Framework", "1. Framework", "{0BDB0918-0F81-4D39-8DC5-2C82DB3F0A52}"
EndProject
Project("{2150E333-8FDC-42A3-9474-1A3956D46DE8}") = "2. Infraestructura", "2. Infraestructura", "{AD1AE012-2737-4008-B4F5-FD37022E994E}"
EndProject
Project("{2150E333-8FDC-42A3-9474-1A3956D46DE8}") = "3. Aplicacion", "3. Aplicacion", "{FBE47DD4-D3F4-4C1F-98C9-A89DB14676E3}"
EndProject
Project("{2150E333-8FDC-42A3-9474-1A3956D46DE8}") = "4. Dominio", "4. Dominio", "{5E69F130-D579-453A-8648-F7AC929A95A7}"
EndProject
Project("{2150E333-8FDC-42A3-9474-1A3956D46DE8}") = "Transversal", "Transversal", "{FB402927-1036-4D40-B3C0-F2059567F255}"
EndProject
Project("{FAE04EC0-301F-11D3-BF4B-00C04F79EFBC}") = "SCM.ApiControl.Dominio", "SCM.ApiControl.Dominio\SCM.ApiControl.Dominio.csproj", "{042C7836-E8F1-4B5A-80F7-A41715D6532C}"
EndProject
Project("{FAE04EC0-301F-11D3-BF4B-00C04F79EFBC}") = "SCM.ApiControl.Aplicacion.DTO", "SCM.ApiControl.Aplicacion.DTO\SCM.ApiControl.Aplicacion.DTO.csproj", "{68804CC7-8CD1-46F0-B7F3-30D234909CAD}"
EndProject
Project("{FAE04EC0-301F-11D3-BF4B-00C04F79EFBC}") = "SCM.ApiControl.Aplicacion.UseCase", "SCM.ApiControl.Aplicacion.UseCase\SCM.ApiControl.Aplicacion.UseCase.csproj", "{A63EB7F3-37DC-4F3F-8946-6E304EBBCC77}"
EndProject
Project("{FAE04EC0-301F-11D3-BF4B-00C04F79EFBC}") = "SCM.ApiControl.Aplicacion.UseCasePorts", "SCM.ApiControl.Aplicacion.UseCasePorts\SCM.ApiControl.Aplicacion.UseCasePorts.csproj", "{4519F268-65B3-4ED8-895F-B593AEF78799}"
EndProject
Project("{FAE04EC0-301F-11D3-BF4B-00C04F79EFBC}") = "SCM.ApiControl.Infraestructura.Repositorio", "SCM.ApiControl.Infraestructura.Repositorio\SCM.ApiControl.Infraestructura.Repositorio.csproj", "{709CF09F-1BF6-4D4F-85F4-935993478063}"
EndProject
Project("{2150E333-8FDC-42A3-9474-1A3956D46DE8}") = "ApiRestFul", "ApiRestFul", "{06A94001-0B68-493D-A0A4-12A99FAC4D8A}"
EndProject
Project("{2150E333-8FDC-42A3-9474-1A3956D46DE8}") = "Presentador", "Presentador", "{4C8C0A87-EB30-49D5-BFCD-87D75F2F5966}"
EndProject
Project("{FAE04EC0-301F-11D3-BF4B-00C04F79EFBC}") = "SCM.ApiControl.Framework.Presentador", "SCM.ApiControl.Framework.Presentador\SCM.ApiControl.Framework.Presentador.csproj", "{63A261C4-4513-4C71-82BC-F41E964C49DF}"
EndProject
Project("{FAE04EC0-301F-11D3-BF4B-00C04F79EFBC}") = "SCM.ApiControl", "SCM.ApiControl\SCM.ApiControl.csproj", "{8E6EAB16-3B94-4E48-A3C2-5D356F8587E6}"
EndProject
Project("{FAE04EC0-301F-11D3-BF4B-00C04F79EFBC}") = "SCM.ApiControl.Transversal", "SCM.ApiControl.Transversal\SCM.ApiControl.Transversal.csproj", "{265FE144-AC9B-4A80-8837-87D77B053010}"
EndProject
Project("{FAE04EC0-301F-11D3-BF4B-00C04F79EFBC}") = "SCM.ApiControl.Infraestructura.FileServer", "SCM.ApiControl.Infraestructura.FileServer\SCM.ApiControl.Infraestructura.FileServer.csproj", "{2F96E831-A1E7-4358-9330-9D8F4F9BF80F}"
EndProject
Project("{FAE04EC0-301F-11D3-BF4B-00C04F79EFBC}") = "SCM.ApiControl.Infraestructura", "SCM.ApiControl.Infraestructura\SCM.ApiControl.Infraestructura.csproj", "{95DAFB70-4E69-4B8A-AA1E-934A0481AA45}"
EndProject
Project("{2150E333-8FDC-42A3-9474-1A3956D46DE8}") = "1. Framework", "1. Framework", "{4EAD025B-91B4-40AF-8F97-2088601BE10B}"
EndProject
Project("{2150E333-8FDC-42A3-9474-1A3956D46DE8}") = "2. Infraestructura", "2. Infraestructura", "{8FDCE020-39E0-4C66-BE89-0BD20F5CBCAB}"
EndProject
Project("{2150E333-8FDC-42A3-9474-1A3956D46DE8}") = "3. Aplicacion", "3. Aplicacion", "{775E62E9-A244-4371-8199-5D89B9495BA0}"
EndProject
Project("{2150E333-8FDC-42A3-9474-1A3956D46DE8}") = "4. Dominio", "4. Dominio", "{E829109D-21F0-4920-9B86-48E8495A4553}"
EndProject
Project("{2150E333-8FDC-42A3-9474-1A3956D46DE8}") = "Transversal", "Transversal", "{2FE9F99D-C807-470E-AE16-3AE209ED2D3B}"
EndProject
Project("{FAE04EC0-301F-11D3-BF4B-00C04F79EFBC}") = "SCM.ApiLoadProcess.Dominio", "SCM.ApiLoadProcess.Dominio\SCM.ApiLoadProcess.Dominio.csproj", "{442A967C-EB5C-4C32-A8E0-B24FF5D5C8E4}"
EndProject
Project("{FAE04EC0-301F-11D3-BF4B-00C04F79EFBC}") = "SCM.ApiLoadProcess.Aplicacion.DTO", "SCM.ApiLoadProcess.Aplicacion.DTO\SCM.ApiLoadProcess.Aplicacion.DTO.csproj", "{4A347CF4-1BF6-4BE2-B936-0C0773AF7C80}"
EndProject
Project("{FAE04EC0-301F-11D3-BF4B-00C04F79EFBC}") = "SCM.ApiLoadProcess.Aplicacion.UseCase", "SCM.ApiLoadProcess.Aplicacion.UseCase\SCM.ApiLoadProcess.Aplicacion.UseCase.csproj", "{088B08B3-57FB-4BC1-9D34-5FF9C13D380E}"
EndProject
Project("{FAE04EC0-301F-11D3-BF4B-00C04F79EFBC}") = "SCM.ApiLoadProcess.Aplicacion.UseCasePorts", "SCM.ApiLoadProcess.Aplicacion.UseCasePorts\SCM.ApiLoadProcess.Aplicacion.UseCasePorts.csproj", "{6AC61511-9498-4E89-8E10-F242082AAE59}"
EndProject
Project("{FAE04EC0-301F-11D3-BF4B-00C04F79EFBC}") = "SCM.ApiLoadProcess.Infraestructura", "SCM.ApiLoadProcess.Infraestructura\SCM.ApiLoadProcess.Infraestructura.csproj", "{B670738B-72EF-405A-ADAB-80E977E3F82D}"
EndProject
Project("{FAE04EC0-301F-11D3-BF4B-00C04F79EFBC}") = "SCM.ApiLoadProcess.Infraestructura.Repositorio", "SCM.ApiLoadProcess.Infraestructura.Repositorio\SCM.ApiLoadProcess.Infraestructura.Repositorio.csproj", "{88514773-57C1-407A-AE2A-DCB8DA3356EE}"
EndProject
Project("{FAE04EC0-301F-11D3-BF4B-00C04F79EFBC}") = "SCM.ApiLoadProcess.Infraestructura.FileServer", "SCM.ApiLoadProcess.Infraestructura.FilServer\SCM.ApiLoadProcess.Infraestructura.FileServer.csproj", "{9BB1B6C2-4F67-4440-9C59-F3C195D1E2A7}"
EndProject
Project("{2150E333-8FDC-42A3-9474-1A3956D46DE8}") = "Presentador", "Presentador", "{C3B33D9C-828F-4BD8-8A72-AB096F8A7D7A}"
EndProject
Project("{2150E333-8FDC-42A3-9474-1A3956D46DE8}") = "ApiRestFul", "ApiRestFul", "{C3ED3D64-A856-468F-9DBF-B6B36FC4F7A9}"
EndProject
Project("{FAE04EC0-301F-11D3-BF4B-00C04F79EFBC}") = "SCM.ApiLoadProcess.Framework.Presentador", "SCM.ApiLoadProcess.Framework.Presentador\SCM.ApiLoadProcess.Framework.Presentador.csproj", "{BE50D9A6-BD9D-491C-95D5-9F5F91B6F515}"
EndProject
Project("{FAE04EC0-301F-11D3-BF4B-00C04F79EFBC}") = "SCM.ApiLoadProcess", "SCM.ApiLoadProcess\SCM.ApiLoadProcess.csproj", "{BCDDCBD9-06F7-4538-B288-B75BD31F9625}"
EndProject
Project("{FAE04EC0-301F-11D3-BF4B-00C04F79EFBC}") = "SCM.ApiLoadProcess.Transversal", "SCM.ApiLoadProcess.Transversal\SCM.ApiLoadProcess.Transversal.csproj", "{1A10748D-670C-4AEC-AD88-0694462D3F64}"
EndProject
Project("{2150E333-8FDC-42A3-9474-1A3956D46DE8}") = "Shared", "Shared", "{0D41F756-B89A-4515-8B8A-B137F67165A9}"
EndProject
Project("{FAE04EC0-301F-11D3-BF4B-00C04F79EFBC}") = "SCM.Shared", "SCM.Shared\SCM.Shared.csproj", "{456908EB-7BC9-441D-8BE4-2BFA87FE8024}"
EndProject
Project("{2150E333-8FDC-42A3-9474-1A3956D46DE8}") = "1. Framework", "1. Framework", "{6122C94D-823D-4A20-AFD0-5BF01CE34E28}"
EndProject
Project("{2150E333-8FDC-42A3-9474-1A3956D46DE8}") = "2. Infraestructura", "2. Infraestructura", "{DAEE3CE4-FACF-448C-AC4E-7C76D23D303D}"
EndProject
Project("{2150E333-8FDC-42A3-9474-1A3956D46DE8}") = "3. Aplicacion", "3. Aplicacion", "{2C52AC4D-A69B-42C1-A280-15D11E1A2257}"
EndProject
Project("{2150E333-8FDC-42A3-9474-1A3956D46DE8}") = "4. Dominio", "4. Dominio", "{C827B7F0-504B-4B60-BC5D-581A6FCDCB61}"
EndProject
Project("{2150E333-8FDC-42A3-9474-1A3956D46DE8}") = "Transversal", "Transversal", "{0EAE2835-0597-42CD-91E9-0220B11546CB}"
EndProject
Project("{FAE04EC0-301F-11D3-BF4B-00C04F79EFBC}") = "SCM.ApiNotifications.Infraestructura.Repositorio", "SCM.ApiNotifications.Infraestructura.Repositorio\SCM.ApiNotifications.Infraestructura.Repositorio.csproj", "{6E512701-C84E-4F3D-A5EE-9DBF22C7B6AD}"
EndProject
Project("{2150E333-8FDC-42A3-9474-1A3956D46DE8}") = "ApiRestFul", "ApiRestFul", "{11252519-57A1-4A4A-87A3-DFA5E1D026A1}"
EndProject
Project("{2150E333-8FDC-42A3-9474-1A3956D46DE8}") = "Presentador", "Presentador", "{C8FCFACA-B5CB-4477-B902-3EFC07E3DBB5}"
EndProject
Project("{FAE04EC0-301F-11D3-BF4B-00C04F79EFBC}") = "SCM.ApiNotifications.Aplication.DTO", "SCM.ApiNotifications.Aplication.DTO\SCM.ApiNotifications.Aplication.DTO.csproj", "{61C3A7AF-A788-4240-8893-D529EC162738}"
EndProject
Project("{FAE04EC0-301F-11D3-BF4B-00C04F79EFBC}") = "SCM.ApiNotifications.Aplication.UseCase", "SCM.ApiNotifications.Aplication.UseCase\SCM.ApiNotifications.Aplication.UseCase.csproj", "{5ABBD450-16C8-407A-97DF-BA178E7008B8}"
EndProject
Project("{FAE04EC0-301F-11D3-BF4B-00C04F79EFBC}") = "SCM.ApiNotifications.Aplicacion.UseCasePorts", "SCM.ApiNotifications.Aplicacion.UseCasePorts\SCM.ApiNotifications.Aplicacion.UseCasePorts.csproj", "{5F2149A1-97BE-4C13-85B0-C1835AA0C7E5}"
EndProject
Project("{FAE04EC0-301F-11D3-BF4B-00C04F79EFBC}") = "SCM.ApiNotifications.Framework.Presentador", "SCM.ApiNotifications.Framework.Presentador\SCM.ApiNotifications.Framework.Presentador.csproj", "{A187D0AE-E77A-48ED-8935-40F8FDA7A8F7}"
EndProject
Project("{FAE04EC0-301F-11D3-BF4B-00C04F79EFBC}") = "SCM.ApiNotifications", "SCM.ApiNotifications\SCM.ApiNotifications.csproj", "{63E807DC-FD11-44A1-877C-FC675F1ECBD4}"
EndProject
Project("{FAE04EC0-301F-11D3-BF4B-00C04F79EFBC}") = "SCM.ApiNotifications.Infraestructura", "SCM.ApiNotifications.Infraestructura\SCM.ApiNotifications.Infraestructura.csproj", "{AF34F7DC-BB26-4546-877C-146EF0F34ECC}"
EndProject
Global
	GlobalSection(SolutionConfigurationPlatforms) = preSolution
		Debug|Any CPU = Debug|Any CPU
		Release|Any CPU = Release|Any CPU
	EndGlobalSection
	GlobalSection(ProjectConfigurationPlatforms) = postSolution
		{F9F45403-2DD6-4564-9999-7A7BC4F5DEDF}.Debug|Any CPU.ActiveCfg = Debug|Any CPU
		{F9F45403-2DD6-4564-9999-7A7BC4F5DEDF}.Debug|Any CPU.Build.0 = Debug|Any CPU
		{F9F45403-2DD6-4564-9999-7A7BC4F5DEDF}.Release|Any CPU.ActiveCfg = Release|Any CPU
		{F9F45403-2DD6-4564-9999-7A7BC4F5DEDF}.Release|Any CPU.Build.0 = Release|Any CPU
		{5428393A-41DB-42BB-8BC3-34B023D03472}.Debug|Any CPU.ActiveCfg = Debug|Any CPU
		{5428393A-41DB-42BB-8BC3-34B023D03472}.Debug|Any CPU.Build.0 = Debug|Any CPU
		{5428393A-41DB-42BB-8BC3-34B023D03472}.Release|Any CPU.ActiveCfg = Release|Any CPU
		{5428393A-41DB-42BB-8BC3-34B023D03472}.Release|Any CPU.Build.0 = Release|Any CPU
		{FE35576F-CDA7-471F-8837-A5F4E30A237F}.Debug|Any CPU.ActiveCfg = Debug|Any CPU
		{FE35576F-CDA7-471F-8837-A5F4E30A237F}.Debug|Any CPU.Build.0 = Debug|Any CPU
		{FE35576F-CDA7-471F-8837-A5F4E30A237F}.Release|Any CPU.ActiveCfg = Release|Any CPU
		{FE35576F-CDA7-471F-8837-A5F4E30A237F}.Release|Any CPU.Build.0 = Release|Any CPU
		{3AF2DFE4-D7C5-431A-AF32-DDD157A53A96}.Debug|Any CPU.ActiveCfg = Debug|Any CPU
		{3AF2DFE4-D7C5-431A-AF32-DDD157A53A96}.Debug|Any CPU.Build.0 = Debug|Any CPU
		{3AF2DFE4-D7C5-431A-AF32-DDD157A53A96}.Release|Any CPU.ActiveCfg = Release|Any CPU
		{3AF2DFE4-D7C5-431A-AF32-DDD157A53A96}.Release|Any CPU.Build.0 = Release|Any CPU
		{CFB87E48-FB3D-4573-8BB3-550B3F6A2142}.Debug|Any CPU.ActiveCfg = Debug|Any CPU
		{CFB87E48-FB3D-4573-8BB3-550B3F6A2142}.Debug|Any CPU.Build.0 = Debug|Any CPU
		{CFB87E48-FB3D-4573-8BB3-550B3F6A2142}.Release|Any CPU.ActiveCfg = Release|Any CPU
		{CFB87E48-FB3D-4573-8BB3-550B3F6A2142}.Release|Any CPU.Build.0 = Release|Any CPU
		{A545A7FC-9B6C-48F4-B55F-934664C5C109}.Debug|Any CPU.ActiveCfg = Debug|Any CPU
		{A545A7FC-9B6C-48F4-B55F-934664C5C109}.Debug|Any CPU.Build.0 = Debug|Any CPU
		{A545A7FC-9B6C-48F4-B55F-934664C5C109}.Release|Any CPU.ActiveCfg = Release|Any CPU
		{A545A7FC-9B6C-48F4-B55F-934664C5C109}.Release|Any CPU.Build.0 = Release|Any CPU
		{6B7F7661-A78C-4B9C-8D46-0205F6B4D770}.Debug|Any CPU.ActiveCfg = Debug|Any CPU
		{6B7F7661-A78C-4B9C-8D46-0205F6B4D770}.Debug|Any CPU.Build.0 = Debug|Any CPU
		{6B7F7661-A78C-4B9C-8D46-0205F6B4D770}.Release|Any CPU.ActiveCfg = Release|Any CPU
		{6B7F7661-A78C-4B9C-8D46-0205F6B4D770}.Release|Any CPU.Build.0 = Release|Any CPU
		{FBB36048-B0DC-422D-A896-D0F16688DB83}.Debug|Any CPU.ActiveCfg = Debug|Any CPU
		{FBB36048-B0DC-422D-A896-D0F16688DB83}.Debug|Any CPU.Build.0 = Debug|Any CPU
		{FBB36048-B0DC-422D-A896-D0F16688DB83}.Release|Any CPU.ActiveCfg = Release|Any CPU
		{FBB36048-B0DC-422D-A896-D0F16688DB83}.Release|Any CPU.Build.0 = Release|Any CPU
		{E397A30F-5B93-4580-BF59-EC46C1666C10}.Debug|Any CPU.ActiveCfg = Debug|Any CPU
		{E397A30F-5B93-4580-BF59-EC46C1666C10}.Debug|Any CPU.Build.0 = Debug|Any CPU
		{E397A30F-5B93-4580-BF59-EC46C1666C10}.Release|Any CPU.ActiveCfg = Release|Any CPU
		{E397A30F-5B93-4580-BF59-EC46C1666C10}.Release|Any CPU.Build.0 = Release|Any CPU
		{0983E7EB-E9A2-4269-B482-8A21CE773A53}.Debug|Any CPU.ActiveCfg = Debug|Any CPU
		{0983E7EB-E9A2-4269-B482-8A21CE773A53}.Debug|Any CPU.Build.0 = Debug|Any CPU
		{0983E7EB-E9A2-4269-B482-8A21CE773A53}.Release|Any CPU.ActiveCfg = Release|Any CPU
		{0983E7EB-E9A2-4269-B482-8A21CE773A53}.Release|Any CPU.Build.0 = Release|Any CPU
		{ACC28C9B-25EA-4E35-BD09-E162CD274A9F}.Debug|Any CPU.ActiveCfg = Debug|Any CPU
		{ACC28C9B-25EA-4E35-BD09-E162CD274A9F}.Debug|Any CPU.Build.0 = Debug|Any CPU
		{ACC28C9B-25EA-4E35-BD09-E162CD274A9F}.Release|Any CPU.ActiveCfg = Release|Any CPU
		{ACC28C9B-25EA-4E35-BD09-E162CD274A9F}.Release|Any CPU.Build.0 = Release|Any CPU
		{26689787-CE28-487F-BD1A-CD4E8E213BB6}.Debug|Any CPU.ActiveCfg = Debug|Any CPU
		{26689787-CE28-487F-BD1A-CD4E8E213BB6}.Debug|Any CPU.Build.0 = Debug|Any CPU
		{26689787-CE28-487F-BD1A-CD4E8E213BB6}.Release|Any CPU.ActiveCfg = Release|Any CPU
		{26689787-CE28-487F-BD1A-CD4E8E213BB6}.Release|Any CPU.Build.0 = Release|Any CPU
		{1213FFAA-4BEA-40DE-ABCD-33AD410CB8F0}.Debug|Any CPU.ActiveCfg = Debug|Any CPU
		{1213FFAA-4BEA-40DE-ABCD-33AD410CB8F0}.Debug|Any CPU.Build.0 = Debug|Any CPU
		{1213FFAA-4BEA-40DE-ABCD-33AD410CB8F0}.Release|Any CPU.ActiveCfg = Release|Any CPU
		{1213FFAA-4BEA-40DE-ABCD-33AD410CB8F0}.Release|Any CPU.Build.0 = Release|Any CPU
		{8457DE42-488E-4F44-B220-5A82F708A283}.Debug|Any CPU.ActiveCfg = Debug|Any CPU
		{8457DE42-488E-4F44-B220-5A82F708A283}.Debug|Any CPU.Build.0 = Debug|Any CPU
		{8457DE42-488E-4F44-B220-5A82F708A283}.Release|Any CPU.ActiveCfg = Release|Any CPU
		{8457DE42-488E-4F44-B220-5A82F708A283}.Release|Any CPU.Build.0 = Release|Any CPU
		{26453735-9DB0-4D82-8BF0-15AE6BC91E9E}.Debug|Any CPU.ActiveCfg = Debug|Any CPU
		{26453735-9DB0-4D82-8BF0-15AE6BC91E9E}.Debug|Any CPU.Build.0 = Debug|Any CPU
		{26453735-9DB0-4D82-8BF0-15AE6BC91E9E}.Release|Any CPU.ActiveCfg = Release|Any CPU
		{26453735-9DB0-4D82-8BF0-15AE6BC91E9E}.Release|Any CPU.Build.0 = Release|Any CPU
		{042C7836-E8F1-4B5A-80F7-A41715D6532C}.Debug|Any CPU.ActiveCfg = Debug|Any CPU
		{042C7836-E8F1-4B5A-80F7-A41715D6532C}.Debug|Any CPU.Build.0 = Debug|Any CPU
		{042C7836-E8F1-4B5A-80F7-A41715D6532C}.Release|Any CPU.ActiveCfg = Release|Any CPU
		{042C7836-E8F1-4B5A-80F7-A41715D6532C}.Release|Any CPU.Build.0 = Release|Any CPU
		{68804CC7-8CD1-46F0-B7F3-30D234909CAD}.Debug|Any CPU.ActiveCfg = Debug|Any CPU
		{68804CC7-8CD1-46F0-B7F3-30D234909CAD}.Debug|Any CPU.Build.0 = Debug|Any CPU
		{68804CC7-8CD1-46F0-B7F3-30D234909CAD}.Release|Any CPU.ActiveCfg = Release|Any CPU
		{68804CC7-8CD1-46F0-B7F3-30D234909CAD}.Release|Any CPU.Build.0 = Release|Any CPU
		{A63EB7F3-37DC-4F3F-8946-6E304EBBCC77}.Debug|Any CPU.ActiveCfg = Debug|Any CPU
		{A63EB7F3-37DC-4F3F-8946-6E304EBBCC77}.Debug|Any CPU.Build.0 = Debug|Any CPU
		{A63EB7F3-37DC-4F3F-8946-6E304EBBCC77}.Release|Any CPU.ActiveCfg = Release|Any CPU
		{A63EB7F3-37DC-4F3F-8946-6E304EBBCC77}.Release|Any CPU.Build.0 = Release|Any CPU
		{4519F268-65B3-4ED8-895F-B593AEF78799}.Debug|Any CPU.ActiveCfg = Debug|Any CPU
		{4519F268-65B3-4ED8-895F-B593AEF78799}.Debug|Any CPU.Build.0 = Debug|Any CPU
		{4519F268-65B3-4ED8-895F-B593AEF78799}.Release|Any CPU.ActiveCfg = Release|Any CPU
		{4519F268-65B3-4ED8-895F-B593AEF78799}.Release|Any CPU.Build.0 = Release|Any CPU
		{709CF09F-1BF6-4D4F-85F4-935993478063}.Debug|Any CPU.ActiveCfg = Debug|Any CPU
		{709CF09F-1BF6-4D4F-85F4-935993478063}.Debug|Any CPU.Build.0 = Debug|Any CPU
		{709CF09F-1BF6-4D4F-85F4-935993478063}.Release|Any CPU.ActiveCfg = Release|Any CPU
		{709CF09F-1BF6-4D4F-85F4-935993478063}.Release|Any CPU.Build.0 = Release|Any CPU
		{63A261C4-4513-4C71-82BC-F41E964C49DF}.Debug|Any CPU.ActiveCfg = Debug|Any CPU
		{63A261C4-4513-4C71-82BC-F41E964C49DF}.Debug|Any CPU.Build.0 = Debug|Any CPU
		{63A261C4-4513-4C71-82BC-F41E964C49DF}.Release|Any CPU.ActiveCfg = Release|Any CPU
		{63A261C4-4513-4C71-82BC-F41E964C49DF}.Release|Any CPU.Build.0 = Release|Any CPU
		{8E6EAB16-3B94-4E48-A3C2-5D356F8587E6}.Debug|Any CPU.ActiveCfg = Debug|Any CPU
		{8E6EAB16-3B94-4E48-A3C2-5D356F8587E6}.Debug|Any CPU.Build.0 = Debug|Any CPU
		{8E6EAB16-3B94-4E48-A3C2-5D356F8587E6}.Release|Any CPU.ActiveCfg = Release|Any CPU
		{8E6EAB16-3B94-4E48-A3C2-5D356F8587E6}.Release|Any CPU.Build.0 = Release|Any CPU
		{265FE144-AC9B-4A80-8837-87D77B053010}.Debug|Any CPU.ActiveCfg = Debug|Any CPU
		{265FE144-AC9B-4A80-8837-87D77B053010}.Debug|Any CPU.Build.0 = Debug|Any CPU
		{265FE144-AC9B-4A80-8837-87D77B053010}.Release|Any CPU.ActiveCfg = Release|Any CPU
		{265FE144-AC9B-4A80-8837-87D77B053010}.Release|Any CPU.Build.0 = Release|Any CPU
		{2F96E831-A1E7-4358-9330-9D8F4F9BF80F}.Debug|Any CPU.ActiveCfg = Debug|Any CPU
		{2F96E831-A1E7-4358-9330-9D8F4F9BF80F}.Debug|Any CPU.Build.0 = Debug|Any CPU
		{2F96E831-A1E7-4358-9330-9D8F4F9BF80F}.Release|Any CPU.ActiveCfg = Release|Any CPU
		{2F96E831-A1E7-4358-9330-9D8F4F9BF80F}.Release|Any CPU.Build.0 = Release|Any CPU
		{95DAFB70-4E69-4B8A-AA1E-934A0481AA45}.Debug|Any CPU.ActiveCfg = Debug|Any CPU
		{95DAFB70-4E69-4B8A-AA1E-934A0481AA45}.Debug|Any CPU.Build.0 = Debug|Any CPU
		{95DAFB70-4E69-4B8A-AA1E-934A0481AA45}.Release|Any CPU.ActiveCfg = Release|Any CPU
		{95DAFB70-4E69-4B8A-AA1E-934A0481AA45}.Release|Any CPU.Build.0 = Release|Any CPU
		{442A967C-EB5C-4C32-A8E0-B24FF5D5C8E4}.Debug|Any CPU.ActiveCfg = Debug|Any CPU
		{442A967C-EB5C-4C32-A8E0-B24FF5D5C8E4}.Debug|Any CPU.Build.0 = Debug|Any CPU
		{442A967C-EB5C-4C32-A8E0-B24FF5D5C8E4}.Release|Any CPU.ActiveCfg = Release|Any CPU
		{442A967C-EB5C-4C32-A8E0-B24FF5D5C8E4}.Release|Any CPU.Build.0 = Release|Any CPU
		{4A347CF4-1BF6-4BE2-B936-0C0773AF7C80}.Debug|Any CPU.ActiveCfg = Debug|Any CPU
		{4A347CF4-1BF6-4BE2-B936-0C0773AF7C80}.Debug|Any CPU.Build.0 = Debug|Any CPU
		{4A347CF4-1BF6-4BE2-B936-0C0773AF7C80}.Release|Any CPU.ActiveCfg = Release|Any CPU
		{4A347CF4-1BF6-4BE2-B936-0C0773AF7C80}.Release|Any CPU.Build.0 = Release|Any CPU
		{088B08B3-57FB-4BC1-9D34-5FF9C13D380E}.Debug|Any CPU.ActiveCfg = Debug|Any CPU
		{088B08B3-57FB-4BC1-9D34-5FF9C13D380E}.Debug|Any CPU.Build.0 = Debug|Any CPU
		{088B08B3-57FB-4BC1-9D34-5FF9C13D380E}.Release|Any CPU.ActiveCfg = Release|Any CPU
		{088B08B3-57FB-4BC1-9D34-5FF9C13D380E}.Release|Any CPU.Build.0 = Release|Any CPU
		{6AC61511-9498-4E89-8E10-F242082AAE59}.Debug|Any CPU.ActiveCfg = Debug|Any CPU
		{6AC61511-9498-4E89-8E10-F242082AAE59}.Debug|Any CPU.Build.0 = Debug|Any CPU
		{6AC61511-9498-4E89-8E10-F242082AAE59}.Release|Any CPU.ActiveCfg = Release|Any CPU
		{6AC61511-9498-4E89-8E10-F242082AAE59}.Release|Any CPU.Build.0 = Release|Any CPU
		{B670738B-72EF-405A-ADAB-80E977E3F82D}.Debug|Any CPU.ActiveCfg = Debug|Any CPU
		{B670738B-72EF-405A-ADAB-80E977E3F82D}.Debug|Any CPU.Build.0 = Debug|Any CPU
		{B670738B-72EF-405A-ADAB-80E977E3F82D}.Release|Any CPU.ActiveCfg = Release|Any CPU
		{B670738B-72EF-405A-ADAB-80E977E3F82D}.Release|Any CPU.Build.0 = Release|Any CPU
		{88514773-57C1-407A-AE2A-DCB8DA3356EE}.Debug|Any CPU.ActiveCfg = Debug|Any CPU
		{88514773-57C1-407A-AE2A-DCB8DA3356EE}.Debug|Any CPU.Build.0 = Debug|Any CPU
		{88514773-57C1-407A-AE2A-DCB8DA3356EE}.Release|Any CPU.ActiveCfg = Release|Any CPU
		{88514773-57C1-407A-AE2A-DCB8DA3356EE}.Release|Any CPU.Build.0 = Release|Any CPU
		{9BB1B6C2-4F67-4440-9C59-F3C195D1E2A7}.Debug|Any CPU.ActiveCfg = Debug|Any CPU
		{9BB1B6C2-4F67-4440-9C59-F3C195D1E2A7}.Debug|Any CPU.Build.0 = Debug|Any CPU
		{9BB1B6C2-4F67-4440-9C59-F3C195D1E2A7}.Release|Any CPU.ActiveCfg = Release|Any CPU
		{9BB1B6C2-4F67-4440-9C59-F3C195D1E2A7}.Release|Any CPU.Build.0 = Release|Any CPU
		{BE50D9A6-BD9D-491C-95D5-9F5F91B6F515}.Debug|Any CPU.ActiveCfg = Debug|Any CPU
		{BE50D9A6-BD9D-491C-95D5-9F5F91B6F515}.Debug|Any CPU.Build.0 = Debug|Any CPU
		{BE50D9A6-BD9D-491C-95D5-9F5F91B6F515}.Release|Any CPU.ActiveCfg = Release|Any CPU
		{BE50D9A6-BD9D-491C-95D5-9F5F91B6F515}.Release|Any CPU.Build.0 = Release|Any CPU
		{BCDDCBD9-06F7-4538-B288-B75BD31F9625}.Debug|Any CPU.ActiveCfg = Debug|Any CPU
		{BCDDCBD9-06F7-4538-B288-B75BD31F9625}.Debug|Any CPU.Build.0 = Debug|Any CPU
		{BCDDCBD9-06F7-4538-B288-B75BD31F9625}.Release|Any CPU.ActiveCfg = Release|Any CPU
		{BCDDCBD9-06F7-4538-B288-B75BD31F9625}.Release|Any CPU.Build.0 = Release|Any CPU
		{1A10748D-670C-4AEC-AD88-0694462D3F64}.Debug|Any CPU.ActiveCfg = Debug|Any CPU
		{1A10748D-670C-4AEC-AD88-0694462D3F64}.Debug|Any CPU.Build.0 = Debug|Any CPU
		{1A10748D-670C-4AEC-AD88-0694462D3F64}.Release|Any CPU.ActiveCfg = Release|Any CPU
		{1A10748D-670C-4AEC-AD88-0694462D3F64}.Release|Any CPU.Build.0 = Release|Any CPU
		{456908EB-7BC9-441D-8BE4-2BFA87FE8024}.Debug|Any CPU.ActiveCfg = Debug|Any CPU
		{456908EB-7BC9-441D-8BE4-2BFA87FE8024}.Debug|Any CPU.Build.0 = Debug|Any CPU
		{456908EB-7BC9-441D-8BE4-2BFA87FE8024}.Release|Any CPU.ActiveCfg = Release|Any CPU
		{456908EB-7BC9-441D-8BE4-2BFA87FE8024}.Release|Any CPU.Build.0 = Release|Any CPU
		{6E512701-C84E-4F3D-A5EE-9DBF22C7B6AD}.Debug|Any CPU.ActiveCfg = Debug|Any CPU
		{6E512701-C84E-4F3D-A5EE-9DBF22C7B6AD}.Debug|Any CPU.Build.0 = Debug|Any CPU
		{6E512701-C84E-4F3D-A5EE-9DBF22C7B6AD}.Release|Any CPU.ActiveCfg = Release|Any CPU
		{6E512701-C84E-4F3D-A5EE-9DBF22C7B6AD}.Release|Any CPU.Build.0 = Release|Any CPU
		{61C3A7AF-A788-4240-8893-D529EC162738}.Debug|Any CPU.ActiveCfg = Debug|Any CPU
		{61C3A7AF-A788-4240-8893-D529EC162738}.Debug|Any CPU.Build.0 = Debug|Any CPU
		{61C3A7AF-A788-4240-8893-D529EC162738}.Release|Any CPU.ActiveCfg = Release|Any CPU
		{61C3A7AF-A788-4240-8893-D529EC162738}.Release|Any CPU.Build.0 = Release|Any CPU
		{5ABBD450-16C8-407A-97DF-BA178E7008B8}.Debug|Any CPU.ActiveCfg = Debug|Any CPU
		{5ABBD450-16C8-407A-97DF-BA178E7008B8}.Debug|Any CPU.Build.0 = Debug|Any CPU
		{5ABBD450-16C8-407A-97DF-BA178E7008B8}.Release|Any CPU.ActiveCfg = Release|Any CPU
		{5ABBD450-16C8-407A-97DF-BA178E7008B8}.Release|Any CPU.Build.0 = Release|Any CPU
		{5F2149A1-97BE-4C13-85B0-C1835AA0C7E5}.Debug|Any CPU.ActiveCfg = Debug|Any CPU
		{5F2149A1-97BE-4C13-85B0-C1835AA0C7E5}.Debug|Any CPU.Build.0 = Debug|Any CPU
		{5F2149A1-97BE-4C13-85B0-C1835AA0C7E5}.Release|Any CPU.ActiveCfg = Release|Any CPU
		{5F2149A1-97BE-4C13-85B0-C1835AA0C7E5}.Release|Any CPU.Build.0 = Release|Any CPU
		{A187D0AE-E77A-48ED-8935-40F8FDA7A8F7}.Debug|Any CPU.ActiveCfg = Debug|Any CPU
		{A187D0AE-E77A-48ED-8935-40F8FDA7A8F7}.Debug|Any CPU.Build.0 = Debug|Any CPU
		{A187D0AE-E77A-48ED-8935-40F8FDA7A8F7}.Release|Any CPU.ActiveCfg = Release|Any CPU
		{A187D0AE-E77A-48ED-8935-40F8FDA7A8F7}.Release|Any CPU.Build.0 = Release|Any CPU
		{63E807DC-FD11-44A1-877C-FC675F1ECBD4}.Debug|Any CPU.ActiveCfg = Debug|Any CPU
		{63E807DC-FD11-44A1-877C-FC675F1ECBD4}.Debug|Any CPU.Build.0 = Debug|Any CPU
		{63E807DC-FD11-44A1-877C-FC675F1ECBD4}.Release|Any CPU.ActiveCfg = Release|Any CPU
		{63E807DC-FD11-44A1-877C-FC675F1ECBD4}.Release|Any CPU.Build.0 = Release|Any CPU
		{AF34F7DC-BB26-4546-877C-146EF0F34ECC}.Debug|Any CPU.ActiveCfg = Debug|Any CPU
		{AF34F7DC-BB26-4546-877C-146EF0F34ECC}.Debug|Any CPU.Build.0 = Debug|Any CPU
		{AF34F7DC-BB26-4546-877C-146EF0F34ECC}.Release|Any CPU.ActiveCfg = Release|Any CPU
		{AF34F7DC-BB26-4546-877C-146EF0F34ECC}.Release|Any CPU.Build.0 = Release|Any CPU
	EndGlobalSection
	GlobalSection(SolutionProperties) = preSolution
		HideSolutionNode = FALSE
	EndGlobalSection
	GlobalSection(NestedProjects) = preSolution
		{D4FE1034-40A6-4FAB-8F48-1CA987B707E9} = {BF21863E-EBBD-41C7-8925-2A9337D0438B}
		{924DD6A5-93C2-4CCD-91F4-FD9110D5DCDE} = {BF21863E-EBBD-41C7-8925-2A9337D0438B}
		{385BAF81-0147-4D1A-9FD0-E04F73A99530} = {BF21863E-EBBD-41C7-8925-2A9337D0438B}
		{4889E27E-1648-4261-9D48-C9B9A1D5DF1B} = {BF21863E-EBBD-41C7-8925-2A9337D0438B}
		{165D7898-1AD7-405B-9478-AF5C34517835} = {D4FE1034-40A6-4FAB-8F48-1CA987B707E9}
		{91BA487D-7D78-4978-9F40-11234139F41B} = {D4FE1034-40A6-4FAB-8F48-1CA987B707E9}
		{03D901BC-6AAC-4DFB-ABE2-708D1654098E} = {D4FE1034-40A6-4FAB-8F48-1CA987B707E9}
		{0AB02158-C90D-4014-BA83-EEEBD9CF947B} = {D4FE1034-40A6-4FAB-8F48-1CA987B707E9}
		{4B86A253-6D72-4455-B855-94D01A4A07C1} = {D4FE1034-40A6-4FAB-8F48-1CA987B707E9}
		{D62D8FA0-92E1-448F-B5EB-40A362409A15} = {165D7898-1AD7-405B-9478-AF5C34517835}
		{6DC0D529-31D8-4835-85B3-2EC2376EACD9} = {165D7898-1AD7-405B-9478-AF5C34517835}
		{F9F45403-2DD6-4564-9999-7A7BC4F5DEDF} = {0AB02158-C90D-4014-BA83-EEEBD9CF947B}
		{5428393A-41DB-42BB-8BC3-34B023D03472} = {03D901BC-6AAC-4DFB-ABE2-708D1654098E}
		{FE35576F-CDA7-471F-8837-A5F4E30A237F} = {03D901BC-6AAC-4DFB-ABE2-708D1654098E}
		{3AF2DFE4-D7C5-431A-AF32-DDD157A53A96} = {91BA487D-7D78-4978-9F40-11234139F41B}
		{CFB87E48-FB3D-4573-8BB3-550B3F6A2142} = {4B86A253-6D72-4455-B855-94D01A4A07C1}
		{A545A7FC-9B6C-48F4-B55F-934664C5C109} = {03D901BC-6AAC-4DFB-ABE2-708D1654098E}
		{6B7F7661-A78C-4B9C-8D46-0205F6B4D770} = {6DC0D529-31D8-4835-85B3-2EC2376EACD9}
		{FBB36048-B0DC-422D-A896-D0F16688DB83} = {D62D8FA0-92E1-448F-B5EB-40A362409A15}
		{1EBC3292-0FB7-4AF8-8A5A-7EB8EBEAFCF8} = {02EA681E-C7D8-13C7-8484-4AC65E1B71E8}
		{8A8BF395-91EF-4C53-9BFD-5F405840C324} = {02EA681E-C7D8-13C7-8484-4AC65E1B71E8}
		{DD75B98F-3B39-487C-9FDB-B95019D1F273} = {02EA681E-C7D8-13C7-8484-4AC65E1B71E8}
		{DD4FBD3B-5102-447A-ACAD-09A0E6253951} = {02EA681E-C7D8-13C7-8484-4AC65E1B71E8}
		{60375DE2-AF2F-4AFE-9F5F-2EF3EC4BC0DB} = {02EA681E-C7D8-13C7-8484-4AC65E1B71E8}
		{E397A30F-5B93-4580-BF59-EC46C1666C10} = {DD4FBD3B-5102-447A-ACAD-09A0E6253951}
		{0983E7EB-E9A2-4269-B482-8A21CE773A53} = {DD4FBD3B-5102-447A-ACAD-09A0E6253951}
		{ACC28C9B-25EA-4E35-BD09-E162CD274A9F} = {DD4FBD3B-5102-447A-ACAD-09A0E6253951}
		{26689787-CE28-487F-BD1A-CD4E8E213BB6} = {DD75B98F-3B39-487C-9FDB-B95019D1F273}
		{9A55FD91-2A4F-422D-B780-C3B528B06054} = {8A8BF395-91EF-4C53-9BFD-5F405840C324}
		{0C4EC042-3B68-4A8D-9B5B-9E27215E33DB} = {8A8BF395-91EF-4C53-9BFD-5F405840C324}
		{1213FFAA-4BEA-40DE-ABCD-33AD410CB8F0} = {9A55FD91-2A4F-422D-B780-C3B528B06054}
		{8457DE42-488E-4F44-B220-5A82F708A283} = {0C4EC042-3B68-4A8D-9B5B-9E27215E33DB}
		{26453735-9DB0-4D82-8BF0-15AE6BC91E9E} = {1EBC3292-0FB7-4AF8-8A5A-7EB8EBEAFCF8}
		{0BDB0918-0F81-4D39-8DC5-2C82DB3F0A52} = {924DD6A5-93C2-4CCD-91F4-FD9110D5DCDE}
		{AD1AE012-2737-4008-B4F5-FD37022E994E} = {924DD6A5-93C2-4CCD-91F4-FD9110D5DCDE}
		{FBE47DD4-D3F4-4C1F-98C9-A89DB14676E3} = {924DD6A5-93C2-4CCD-91F4-FD9110D5DCDE}
		{5E69F130-D579-453A-8648-F7AC929A95A7} = {924DD6A5-93C2-4CCD-91F4-FD9110D5DCDE}
		{FB402927-1036-4D40-B3C0-F2059567F255} = {924DD6A5-93C2-4CCD-91F4-FD9110D5DCDE}
		{042C7836-E8F1-4B5A-80F7-A41715D6532C} = {5E69F130-D579-453A-8648-F7AC929A95A7}
		{68804CC7-8CD1-46F0-B7F3-30D234909CAD} = {FBE47DD4-D3F4-4C1F-98C9-A89DB14676E3}
		{A63EB7F3-37DC-4F3F-8946-6E304EBBCC77} = {FBE47DD4-D3F4-4C1F-98C9-A89DB14676E3}
		{4519F268-65B3-4ED8-895F-B593AEF78799} = {FBE47DD4-D3F4-4C1F-98C9-A89DB14676E3}
		{709CF09F-1BF6-4D4F-85F4-935993478063} = {AD1AE012-2737-4008-B4F5-FD37022E994E}
		{06A94001-0B68-493D-A0A4-12A99FAC4D8A} = {0BDB0918-0F81-4D39-8DC5-2C82DB3F0A52}
		{4C8C0A87-EB30-49D5-BFCD-87D75F2F5966} = {0BDB0918-0F81-4D39-8DC5-2C82DB3F0A52}
		{63A261C4-4513-4C71-82BC-F41E964C49DF} = {4C8C0A87-EB30-49D5-BFCD-87D75F2F5966}
		{8E6EAB16-3B94-4E48-A3C2-5D356F8587E6} = {06A94001-0B68-493D-A0A4-12A99FAC4D8A}
		{265FE144-AC9B-4A80-8837-87D77B053010} = {FB402927-1036-4D40-B3C0-F2059567F255}
		{2F96E831-A1E7-4358-9330-9D8F4F9BF80F} = {AD1AE012-2737-4008-B4F5-FD37022E994E}
		{95DAFB70-4E69-4B8A-AA1E-934A0481AA45} = {AD1AE012-2737-4008-B4F5-FD37022E994E}
		{4EAD025B-91B4-40AF-8F97-2088601BE10B} = {385BAF81-0147-4D1A-9FD0-E04F73A99530}
		{8FDCE020-39E0-4C66-BE89-0BD20F5CBCAB} = {385BAF81-0147-4D1A-9FD0-E04F73A99530}
		{775E62E9-A244-4371-8199-5D89B9495BA0} = {385BAF81-0147-4D1A-9FD0-E04F73A99530}
		{E829109D-21F0-4920-9B86-48E8495A4553} = {385BAF81-0147-4D1A-9FD0-E04F73A99530}
		{2FE9F99D-C807-470E-AE16-3AE209ED2D3B} = {385BAF81-0147-4D1A-9FD0-E04F73A99530}
		{442A967C-EB5C-4C32-A8E0-B24FF5D5C8E4} = {E829109D-21F0-4920-9B86-48E8495A4553}
		{4A347CF4-1BF6-4BE2-B936-0C0773AF7C80} = {775E62E9-A244-4371-8199-5D89B9495BA0}
		{088B08B3-57FB-4BC1-9D34-5FF9C13D380E} = {775E62E9-A244-4371-8199-5D89B9495BA0}
		{6AC61511-9498-4E89-8E10-F242082AAE59} = {775E62E9-A244-4371-8199-5D89B9495BA0}
		{B670738B-72EF-405A-ADAB-80E977E3F82D} = {8FDCE020-39E0-4C66-BE89-0BD20F5CBCAB}
		{88514773-57C1-407A-AE2A-DCB8DA3356EE} = {8FDCE020-39E0-4C66-BE89-0BD20F5CBCAB}
		{9BB1B6C2-4F67-4440-9C59-F3C195D1E2A7} = {8FDCE020-39E0-4C66-BE89-0BD20F5CBCAB}
		{C3B33D9C-828F-4BD8-8A72-AB096F8A7D7A} = {4EAD025B-91B4-40AF-8F97-2088601BE10B}
		{C3ED3D64-A856-468F-9DBF-B6B36FC4F7A9} = {4EAD025B-91B4-40AF-8F97-2088601BE10B}
		{BE50D9A6-BD9D-491C-95D5-9F5F91B6F515} = {C3B33D9C-828F-4BD8-8A72-AB096F8A7D7A}
		{BCDDCBD9-06F7-4538-B288-B75BD31F9625} = {C3ED3D64-A856-468F-9DBF-B6B36FC4F7A9}
		{1A10748D-670C-4AEC-AD88-0694462D3F64} = {2FE9F99D-C807-470E-AE16-3AE209ED2D3B}
		{456908EB-7BC9-441D-8BE4-2BFA87FE8024} = {0D41F756-B89A-4515-8B8A-B137F67165A9}
		{6122C94D-823D-4A20-AFD0-5BF01CE34E28} = {4889E27E-1648-4261-9D48-C9B9A1D5DF1B}
		{DAEE3CE4-FACF-448C-AC4E-7C76D23D303D} = {4889E27E-1648-4261-9D48-C9B9A1D5DF1B}
		{2C52AC4D-A69B-42C1-A280-15D11E1A2257} = {4889E27E-1648-4261-9D48-C9B9A1D5DF1B}
		{C827B7F0-504B-4B60-BC5D-581A6FCDCB61} = {4889E27E-1648-4261-9D48-C9B9A1D5DF1B}
		{0EAE2835-0597-42CD-91E9-0220B11546CB} = {4889E27E-1648-4261-9D48-C9B9A1D5DF1B}
		{6E512701-C84E-4F3D-A5EE-9DBF22C7B6AD} = {DAEE3CE4-FACF-448C-AC4E-7C76D23D303D}
		{11252519-57A1-4A4A-87A3-DFA5E1D026A1} = {6122C94D-823D-4A20-AFD0-5BF01CE34E28}
		{C8FCFACA-B5CB-4477-B902-3EFC07E3DBB5} = {6122C94D-823D-4A20-AFD0-5BF01CE34E28}
		{61C3A7AF-A788-4240-8893-D529EC162738} = {2C52AC4D-A69B-42C1-A280-15D11E1A2257}
		{5ABBD450-16C8-407A-97DF-BA178E7008B8} = {2C52AC4D-A69B-42C1-A280-15D11E1A2257}
		{5F2149A1-97BE-4C13-85B0-C1835AA0C7E5} = {2C52AC4D-A69B-42C1-A280-15D11E1A2257}
		{A187D0AE-E77A-48ED-8935-40F8FDA7A8F7} = {C8FCFACA-B5CB-4477-B902-3EFC07E3DBB5}
		{63E807DC-FD11-44A1-877C-FC675F1ECBD4} = {11252519-57A1-4A4A-87A3-DFA5E1D026A1}
		{AF34F7DC-BB26-4546-877C-146EF0F34ECC} = {DAEE3CE4-FACF-448C-AC4E-7C76D23D303D}
	EndGlobalSection
	GlobalSection(ExtensibilityGlobals) = postSolution
		SolutionGuid = {0BC8CA3A-69CC-48C8-8BEF-EE42E1A12EFF}
	EndGlobalSection
EndGlobal
