
Microsoft Visual Studio Solution File, Format Version 12.00
# Visual Studio Version 17
VisualStudioVersion = 17.14.37314.3
MinimumVisualStudioVersion = 10.0.40219.1
Project("{2150E333-8FDC-42A3-9474-1A3956D46DE8}") = "ApiGateway", "ApiGateway", "{02EA681E-C7D8-13C7-8484-4AC65E1B71E8}"
EndProject
Project("{2150E333-8FDC-42A3-9474-1A3956D46DE8}") = "ApiAutenticacion", "ApiAutenticacion", "{D4FE1034-40A6-4FAB-8F48-1CA987B707E9}"
EndProject
Project("{2150E333-8FDC-42A3-9474-1A3956D46DE8}") = "ApiControl", "ApiControl", "{924DD6A5-93C2-4CCD-91F4-FD9110D5DCDE}"
EndProject
Project("{2150E333-8FDC-42A3-9474-1A3956D46DE8}") = "ApiLoad", "ApiLoad", "{385BAF81-0147-4D1A-9FD0-E04F73A99530}"
EndProject
Project("{2150E333-8FDC-42A3-9474-1A3956D46DE8}") = "ApiNotifications", "ApiNotifications", "{4889E27E-1648-4261-9D48-C9B9A1D5DF1B}"
EndProject
Project("{2150E333-8FDC-42A3-9474-1A3956D46DE8}") = "Recursos", "Recursos", "{BF21863E-EBBD-41C7-8925-2A9337D0438B}"
EndProject
Project("{2150E333-8FDC-42A3-9474-1A3956D46DE8}") = "1. Framework", "1. Framework", "{165D7898-1AD7-405B-9478-AF5C34517835}"
EndProject
Project("{2150E333-8FDC-42A3-9474-1A3956D46DE8}") = "2. Infraestructura", "2. Infraestructura", "{91BA487D-7D78-4978-9F40-11234139F41B}"
EndProject
Project("{2150E333-8FDC-42A3-9474-1A3956D46DE8}") = "3. Aplicacion", "3. Aplicacion", "{03D901BC-6AAC-4DFB-ABE2-708D1654098E}"
EndProject
Project("{2150E333-8FDC-42A3-9474-1A3956D46DE8}") = "4. Dominio", "4. Dominio", "{0AB02158-C90D-4014-BA83-EEEBD9CF947B}"
EndProject
Project("{2150E333-8FDC-42A3-9474-1A3956D46DE8}") = "Transversal", "Transversal", "{4B86A253-6D72-4455-B855-94D01A4A07C1}"
EndProject
Project("{2150E333-8FDC-42A3-9474-1A3956D46DE8}") = "ApiRestFul", "ApiRestFul", "{D62D8FA0-92E1-448F-B5EB-40A362409A15}"
EndProject
Project("{2150E333-8FDC-42A3-9474-1A3956D46DE8}") = "Presentador", "Presentador", "{6DC0D529-31D8-4835-85B3-2EC2376EACD9}"
EndProject
Project("{FAE04EC0-301F-11D3-BF4B-00C04F79EFBC}") = "SCM.ApiAutenticacion.Dominio", "SCM.ApiAuthentication.Dominio\SCM.ApiAutenticacion.Dominio.csproj", "{F9F45403-2DD6-4564-9999-7A7BC4F5DEDF}"
EndProject
Project("{FAE04EC0-301F-11D3-BF4B-00C04F79EFBC}") = "SCM.ApiAutenticacion.Aplicacion.DTO", "SCM.ApiAutenticacion.Aplicacion.DTO\SCM.ApiAutenticacion.Aplicacion.DTO.csproj", "{5428393A-41DB-42BB-8BC3-34B023D03472}"
EndProject
Project("{FAE04EC0-301F-11D3-BF4B-00C04F79EFBC}") = "SCM.ApiAutenticacion.Aplicacion.UseCase", "SCM.ApiAutenticacion.Aplicacion.UseCase\SCM.ApiAutenticacion.Aplicacion.UseCase.csproj", "{FE35576F-CDA7-471F-8837-A5F4E30A237F}"
EndProject
Project("{FAE04EC0-301F-11D3-BF4B-00C04F79EFBC}") = "SCM.ApiAutenticacion.Infraestructura.Repositorio", "SCM.ApiAutenticacion.Infraestructura.Repositorio\SCM.ApiAutenticacion.Infraestructura.Repositorio.csproj", "{3AF2DFE4-D7C5-431A-AF32-DDD157A53A96}"
EndProject
Project("{FAE04EC0-301F-11D3-BF4B-00C04F79EFBC}") = "SCM.ApiAutenticacion.Transversal", "SCM.ApiAutenticacion.Transversal\SCM.ApiAutenticacion.Transversal.csproj", "{CFB87E48-FB3D-4573-8BB3-550B3F6A2142}"
EndProject
Project("{FAE04EC0-301F-11D3-BF4B-00C04F79EFBC}") = "SCM.ApiAutenticacion.Aplicacion.UseCasePorts", "SCM.ApiAutenticacion.Aplicacion.UseCasePorts\SCM.ApiAutenticacion.Aplicacion.UseCasePorts.csproj", "{A545A7FC-9B6C-48F4-B55F-934664C5C109}"
EndProject
Project("{FAE04EC0-301F-11D3-BF4B-00C04F79EFBC}") = "SCM.ApiAutentication.Framework.Presentador", "SCM.ApiAutentication.Framework.Presentador\SCM.ApiAutentication.Framework.Presentador.csproj", "{6B7F7661-A78C-4B9C-8D46-0205F6B4D770}"
EndProject
Project("{FAE04EC0-301F-11D3-BF4B-00C04F79EFBC}") = "SCM.ApiAutenticacion", "SCM.ApiAutenticacion\SCM.ApiAutenticacion.csproj", "{FBB36048-B0DC-422D-A896-D0F16688DB83}"
EndProject
Project("{2150E333-8FDC-42A3-9474-1A3956D46DE8}") = "Transversal", "Transversal", "{1EBC3292-0FB7-4AF8-8A5A-7EB8EBEAFCF8}"
EndProject
Project("{2150E333-8FDC-42A3-9474-1A3956D46DE8}") = "1. Framework", "1. Framework", "{8A8BF395-91EF-4C53-9BFD-5F405840C324}"
EndProject
Project("{2150E333-8FDC-42A3-9474-1A3956D46DE8}") = "2. Infraestructura", "2. Infraestructura", "{DD75B98F-3B39-487C-9FDB-B95019D1F273}"
EndProject
Project("{2150E333-8FDC-42A3-9474-1A3956D46DE8}") = "3. Aplicacion", "3. Aplicacion", "{DD4FBD3B-5102-447A-ACAD-09A0E6253951}"
EndProject
Project("{2150E333-8FDC-42A3-9474-1A3956D46DE8}") = "4. Dominio", "4. Dominio", "{60375DE2-AF2F-4AFE-9F5F-2EF3EC4BC0DB}"
EndProject
Project("{FAE04EC0-301F-11D3-BF4B-00C04F79EFBC}") = "SCM.ApiGateway.Aplicacion.DTO", "SCM.ApiGateway.Aplicacion.DTO\SCM.ApiGateway.Aplicacion.DTO.csproj", "{E397A30F-5B93-4580-BF59-EC46C1666C10}"
EndProject
Project("{FAE04EC0-301F-11D3-BF4B-00C04F79EFBC}") = "SCM.ApiGateway.Aplicacion.UseCase", "SCM.ApiGateway.Aplicacion.UseCase\SCM.ApiGateway.Aplicacion.UseCase.csproj", "{0983E7EB-E9A2-4269-B482-8A21CE773A53}"
EndProject
Project("{FAE04EC0-301F-11D3-BF4B-00C04F79EFBC}") = "SCM.ApiGateway.Aplicacion.UseCasePorts", "SCM.ApiGateway.Aplicacion.UseCasePorts\SCM.ApiGateway.Aplicacion.UseCasePorts.csproj", "{ACC28C9B-25EA-4E35-BD09-E162CD274A9F}"
EndProject
Project("{FAE04EC0-301F-11D3-BF4B-00C04F79EFBC}") = "SCM.ApiGateway.Infraestructura.WebServices", "SCM.ApiGateway.Infraestructura.WebServices\SCM.ApiGateway.Infraestructura.WebServices.csproj", "{26689787-CE28-487F-BD1A-CD4E8E213BB6}"
EndProject
Project("{2150E333-8FDC-42A3-9474-1A3956D46DE8}") = "Presentador", "Presentador", "{9A55FD91-2A4F-422D-B780-C3B528B06054}"
EndProject
Project("{2150E333-8FDC-42A3-9474-1A3956D46DE8}") = "ApiGateway", "ApiGateway", "{0C4EC042-3B68-4A8D-9B5B-9E27215E33DB}"
EndProject
Project("{FAE04EC0-301F-11D3-BF4B-00C04F79EFBC}") = "SCM.ApiGateway.Framework.Presentador", "SCM.ApiGateway.Framework.Presentador\SCM.ApiGateway.Framework.Presentador.csproj", "{1213FFAA-4BEA-40DE-ABCD-33AD410CB8F0}"
EndProject
Project("{FAE04EC0-301F-11D3-BF4B-00C04F79EFBC}") = "SCM.ApiGateway", "SCM.ApiGateway\SCM.ApiGateway.csproj", "{8457DE42-488E-4F44-B220-5A82F708A283}"
EndProject
Global
	GlobalSection(SolutionConfigurationPlatforms) = preSolution
		Debug|Any CPU = Debug|Any CPU
		Release|Any CPU = Release|Any CPU
	EndGlobalSection
	GlobalSection(ProjectConfigurationPlatforms) = postSolution
		{F9F45403-2DD6-4564-9999-7A7BC4F5DEDF}.Debug|Any CPU.ActiveCfg = Debug|Any CPU
		{F9F45403-2DD6-4564-9999-7A7BC4F5DEDF}.Debug|Any CPU.Build.0 = Debug|Any CPU
		{F9F45403-2DD6-4564-9999-7A7BC4F5DEDF}.Release|Any CPU.ActiveCfg = Release|Any CPU
		{F9F45403-2DD6-4564-9999-7A7BC4F5DEDF}.Release|Any CPU.Build.0 = Release|Any CPU
		{5428393A-41DB-42BB-8BC3-34B023D03472}.Debug|Any CPU.ActiveCfg = Debug|Any CPU
		{5428393A-41DB-42BB-8BC3-34B023D03472}.Debug|Any CPU.Build.0 = Debug|Any CPU
		{5428393A-41DB-42BB-8BC3-34B023D03472}.Release|Any CPU.ActiveCfg = Release|Any CPU
		{5428393A-41DB-42BB-8BC3-34B023D03472}.Release|Any CPU.Build.0 = Release|Any CPU
		{FE35576F-CDA7-471F-8837-A5F4E30A237F}.Debug|Any CPU.ActiveCfg = Debug|Any CPU
		{FE35576F-CDA7-471F-8837-A5F4E30A237F}.Debug|Any CPU.Build.0 = Debug|Any CPU
		{FE35576F-CDA7-471F-8837-A5F4E30A237F}.Release|Any CPU.ActiveCfg = Release|Any CPU
		{FE35576F-CDA7-471F-8837-A5F4E30A237F}.Release|Any CPU.Build.0 = Release|Any CPU
		{3AF2DFE4-D7C5-431A-AF32-DDD157A53A96}.Debug|Any CPU.ActiveCfg = Debug|Any CPU
		{3AF2DFE4-D7C5-431A-AF32-DDD157A53A96}.Debug|Any CPU.Build.0 = Debug|Any CPU
		{3AF2DFE4-D7C5-431A-AF32-DDD157A53A96}.Release|Any CPU.ActiveCfg = Release|Any CPU
		{3AF2DFE4-D7C5-431A-AF32-DDD157A53A96}.Release|Any CPU.Build.0 = Release|Any CPU
		{CFB87E48-FB3D-4573-8BB3-550B3F6A2142}.Debug|Any CPU.ActiveCfg = Debug|Any CPU
		{CFB87E48-FB3D-4573-8BB3-550B3F6A2142}.Debug|Any CPU.Build.0 = Debug|Any CPU
		{CFB87E48-FB3D-4573-8BB3-550B3F6A2142}.Release|Any CPU.ActiveCfg = Release|Any CPU
		{CFB87E48-FB3D-4573-8BB3-550B3F6A2142}.Release|Any CPU.Build.0 = Release|Any CPU
		{A545A7FC-9B6C-48F4-B55F-934664C5C109}.Debug|Any CPU.ActiveCfg = Debug|Any CPU
		{A545A7FC-9B6C-48F4-B55F-934664C5C109}.Debug|Any CPU.Build.0 = Debug|Any CPU
		{A545A7FC-9B6C-48F4-B55F-934664C5C109}.Release|Any CPU.ActiveCfg = Release|Any CPU
		{A545A7FC-9B6C-48F4-B55F-934664C5C109}.Release|Any CPU.Build.0 = Release|Any CPU
		{6B7F7661-A78C-4B9C-8D46-0205F6B4D770}.Debug|Any CPU.ActiveCfg = Debug|Any CPU
		{6B7F7661-A78C-4B9C-8D46-0205F6B4D770}.Debug|Any CPU.Build.0 = Debug|Any CPU
		{6B7F7661-A78C-4B9C-8D46-0205F6B4D770}.Release|Any CPU.ActiveCfg = Release|Any CPU
		{6B7F7661-A78C-4B9C-8D46-0205F6B4D770}.Release|Any CPU.Build.0 = Release|Any CPU
		{FBB36048-B0DC-422D-A896-D0F16688DB83}.Debug|Any CPU.ActiveCfg = Debug|Any CPU
		{FBB36048-B0DC-422D-A896-D0F16688DB83}.Debug|Any CPU.Build.0 = Debug|Any CPU
		{FBB36048-B0DC-422D-A896-D0F16688DB83}.Release|Any CPU.ActiveCfg = Release|Any CPU
		{FBB36048-B0DC-422D-A896-D0F16688DB83}.Release|Any CPU.Build.0 = Release|Any CPU
		{E397A30F-5B93-4580-BF59-EC46C1666C10}.Debug|Any CPU.ActiveCfg = Debug|Any CPU
		{E397A30F-5B93-4580-BF59-EC46C1666C10}.Debug|Any CPU.Build.0 = Debug|Any CPU
		{E397A30F-5B93-4580-BF59-EC46C1666C10}.Release|Any CPU.ActiveCfg = Release|Any CPU
		{E397A30F-5B93-4580-BF59-EC46C1666C10}.Release|Any CPU.Build.0 = Release|Any CPU
		{0983E7EB-E9A2-4269-B482-8A21CE773A53}.Debug|Any CPU.ActiveCfg = Debug|Any CPU
		{0983E7EB-E9A2-4269-B482-8A21CE773A53}.Debug|Any CPU.Build.0 = Debug|Any CPU
		{0983E7EB-E9A2-4269-B482-8A21CE773A53}.Release|Any CPU.ActiveCfg = Release|Any CPU
		{0983E7EB-E9A2-4269-B482-8A21CE773A53}.Release|Any CPU.Build.0 = Release|Any CPU
		{ACC28C9B-25EA-4E35-BD09-E162CD274A9F}.Debug|Any CPU.ActiveCfg = Debug|Any CPU
		{ACC28C9B-25EA-4E35-BD09-E162CD274A9F}.Debug|Any CPU.Build.0 = Debug|Any CPU
		{ACC28C9B-25EA-4E35-BD09-E162CD274A9F}.Release|Any CPU.ActiveCfg = Release|Any CPU
		{ACC28C9B-25EA-4E35-BD09-E162CD274A9F}.Release|Any CPU.Build.0 = Release|Any CPU
		{26689787-CE28-487F-BD1A-CD4E8E213BB6}.Debug|Any CPU.ActiveCfg = Debug|Any CPU
		{26689787-CE28-487F-BD1A-CD4E8E213BB6}.Debug|Any CPU.Build.0 = Debug|Any CPU
		{26689787-CE28-487F-BD1A-CD4E8E213BB6}.Release|Any CPU.ActiveCfg = Release|Any CPU
		{26689787-CE28-487F-BD1A-CD4E8E213BB6}.Release|Any CPU.Build.0 = Release|Any CPU
		{1213FFAA-4BEA-40DE-ABCD-33AD410CB8F0}.Debug|Any CPU.ActiveCfg = Debug|Any CPU
		{1213FFAA-4BEA-40DE-ABCD-33AD410CB8F0}.Debug|Any CPU.Build.0 = Debug|Any CPU
		{1213FFAA-4BEA-40DE-ABCD-33AD410CB8F0}.Release|Any CPU.ActiveCfg = Release|Any CPU
		{1213FFAA-4BEA-40DE-ABCD-33AD410CB8F0}.Release|Any CPU.Build.0 = Release|Any CPU
		{8457DE42-488E-4F44-B220-5A82F708A283}.Debug|Any CPU.ActiveCfg = Debug|Any CPU
		{8457DE42-488E-4F44-B220-5A82F708A283}.Debug|Any CPU.Build.0 = Debug|Any CPU
		{8457DE42-488E-4F44-B220-5A82F708A283}.Release|Any CPU.ActiveCfg = Release|Any CPU
		{8457DE42-488E-4F44-B220-5A82F708A283}.Release|Any CPU.Build.0 = Release|Any CPU
	EndGlobalSection
	GlobalSection(SolutionProperties) = preSolution
		HideSolutionNode = FALSE
	EndGlobalSection
	GlobalSection(NestedProjects) = preSolution
		{D4FE1034-40A6-4FAB-8F48-1CA987B707E9} = {BF21863E-EBBD-41C7-8925-2A9337D0438B}
		{924DD6A5-93C2-4CCD-91F4-FD9110D5DCDE} = {BF21863E-EBBD-41C7-8925-2A9337D0438B}
		{385BAF81-0147-4D1A-9FD0-E04F73A99530} = {BF21863E-EBBD-41C7-8925-2A9337D0438B}
		{4889E27E-1648-4261-9D48-C9B9A1D5DF1B} = {BF21863E-EBBD-41C7-8925-2A9337D0438B}
		{165D7898-1AD7-405B-9478-AF5C34517835} = {D4FE1034-40A6-4FAB-8F48-1CA987B707E9}
		{91BA487D-7D78-4978-9F40-11234139F41B} = {D4FE1034-40A6-4FAB-8F48-1CA987B707E9}
		{03D901BC-6AAC-4DFB-ABE2-708D1654098E} = {D4FE1034-40A6-4FAB-8F48-1CA987B707E9}
		{0AB02158-C90D-4014-BA83-EEEBD9CF947B} = {D4FE1034-40A6-4FAB-8F48-1CA987B707E9}
		{4B86A253-6D72-4455-B855-94D01A4A07C1} = {D4FE1034-40A6-4FAB-8F48-1CA987B707E9}
		{D62D8FA0-92E1-448F-B5EB-40A362409A15} = {165D7898-1AD7-405B-9478-AF5C34517835}
		{6DC0D529-31D8-4835-85B3-2EC2376EACD9} = {165D7898-1AD7-405B-9478-AF5C34517835}
		{F9F45403-2DD6-4564-9999-7A7BC4F5DEDF} = {0AB02158-C90D-4014-BA83-EEEBD9CF947B}
		{5428393A-41DB-42BB-8BC3-34B023D03472} = {03D901BC-6AAC-4DFB-ABE2-708D1654098E}
		{FE35576F-CDA7-471F-8837-A5F4E30A237F} = {03D901BC-6AAC-4DFB-ABE2-708D1654098E}
		{3AF2DFE4-D7C5-431A-AF32-DDD157A53A96} = {91BA487D-7D78-4978-9F40-11234139F41B}
		{CFB87E48-FB3D-4573-8BB3-550B3F6A2142} = {4B86A253-6D72-4455-B855-94D01A4A07C1}
		{A545A7FC-9B6C-48F4-B55F-934664C5C109} = {03D901BC-6AAC-4DFB-ABE2-708D1654098E}
		{6B7F7661-A78C-4B9C-8D46-0205F6B4D770} = {6DC0D529-31D8-4835-85B3-2EC2376EACD9}
		{FBB36048-B0DC-422D-A896-D0F16688DB83} = {D62D8FA0-92E1-448F-B5EB-40A362409A15}
		{1EBC3292-0FB7-4AF8-8A5A-7EB8EBEAFCF8} = {02EA681E-C7D8-13C7-8484-4AC65E1B71E8}
		{8A8BF395-91EF-4C53-9BFD-5F405840C324} = {02EA681E-C7D8-13C7-8484-4AC65E1B71E8}
		{DD75B98F-3B39-487C-9FDB-B95019D1F273} = {02EA681E-C7D8-13C7-8484-4AC65E1B71E8}
		{DD4FBD3B-5102-447A-ACAD-09A0E6253951} = {02EA681E-C7D8-13C7-8484-4AC65E1B71E8}
		{60375DE2-AF2F-4AFE-9F5F-2EF3EC4BC0DB} = {02EA681E-C7D8-13C7-8484-4AC65E1B71E8}
		{E397A30F-5B93-4580-BF59-EC46C1666C10} = {DD4FBD3B-5102-447A-ACAD-09A0E6253951}
		{0983E7EB-E9A2-4269-B482-8A21CE773A53} = {DD4FBD3B-5102-447A-ACAD-09A0E6253951}
		{ACC28C9B-25EA-4E35-BD09-E162CD274A9F} = {DD4FBD3B-5102-447A-ACAD-09A0E6253951}
		{26689787-CE28-487F-BD1A-CD4E8E213BB6} = {DD75B98F-3B39-487C-9FDB-B95019D1F273}
		{9A55FD91-2A4F-422D-B780-C3B528B06054} = {8A8BF395-91EF-4C53-9BFD-5F405840C324}
		{0C4EC042-3B68-4A8D-9B5B-9E27215E33DB} = {8A8BF395-91EF-4C53-9BFD-5F405840C324}
		{1213FFAA-4BEA-40DE-ABCD-33AD410CB8F0} = {9A55FD91-2A4F-422D-B780-C3B528B06054}
		{8457DE42-488E-4F44-B220-5A82F708A283} = {0C4EC042-3B68-4A8D-9B5B-9E27215E33DB}
	EndGlobalSection
	GlobalSection(ExtensibilityGlobals) = postSolution
		SolutionGuid = {0BC8CA3A-69CC-48C8-8BEF-EE42E1A12EFF}
	EndGlobalSection
EndGlobal
